github.com/boltdb/bolt v1.3.1 h1:JQmyP4ZBrce+ZQu0dY660FMfatumYDLun9hBCUVIkF4=
github.com/boltdb/bolt v1.3.1/go.mod h1:clJnj/oiGkjum5o1McbSZDSLxVThjynRyGBgiAx27Ps=
golang.org/x/sys v0.0.0-20210511113859-b0526f3d8744 h1:yhBbb4IRs2HS9PPlAg6DMC6mUOKexJBNsLf4Z+6En1Q=
golang.org/x/sys v0.0.0-20210511113859-b0526f3d8744/go.mod h1:oPkhp1MJrh7nUepCBck5+mAzfO9JrbApNNgaTdGDITg=
